
Microsoft Visual Studio Solution File, Format Version 12.00
# Visual Studio Version 17
VisualStudioVersion = 17.6.33815.320
MinimumVisualStudioVersion = 10.0.40219.1
Project("{FAE04EC0-301F-11D3-BF4B-00C04F79EFBC}") = "ConsoleCollege", "ConsoleCollege\ConsoleCollege.csproj", "{EC777416-B4B0-46CA-91B4-99330890489B}"
EndProject
Global
	GlobalSection(SolutionConfigurationPlatforms) = preSolution
		Debug|Any CPU = Debug|Any CPU
		Release|Any CPU = Release|Any CPU
	EndGlobalSection
	GlobalSection(ProjectConfigurationPlatforms) = postSolution
		{EC777416-B4B0-46CA-91B4-99330890489B}.Debug|Any CPU.ActiveCfg = Debug|Any CPU
		{EC777416-B4B0-46CA-91B4-99330890489B}.Debug|Any CPU.Build.0 = Debug|Any CPU
		{EC777416-B4B0-46CA-91B4-99330890489B}.Release|Any CPU.ActiveCfg = Release|Any CPU
		{EC777416-B4B0-46CA-91B4-99330890489B}.Release|Any CPU.Build.0 = Release|Any CPU
	EndGlobalSection
	GlobalSection(SolutionProperties) = preSolution
		HideSolutionNode = FALSE
	EndGlobalSection
	GlobalSection(ExtensibilityGlobals) = postSolution
		SolutionGuid = {591EEA7D-C223-473B-8DE0-9CAE8CEB9E6C}
	EndGlobalSection
EndGlobal
